
Microsoft Visual Studio Solution File, Format Version 12.00
# Visual Studio Version 17
VisualStudioVersion = 17.6.33712.159
MinimumVisualStudioVersion = 10.0.40219.1
Project("{FAE04EC0-301F-11D3-BF4B-00C04F79EFBC}") = "HAL062app", "HAL062app.csproj", "{54656C27-642F-4243-AE6D-DB9C432BA55C}"
EndProject
Global
	GlobalSection(SolutionConfigurationPlatforms) = preSolution
		Debug|Any CPU = Debug|Any CPU
		Release|Any CPU = Release|Any CPU
	EndGlobalSection
	GlobalSection(ProjectConfigurationPlatforms) = postSolution
		{54656C27-642F-4243-AE6D-DB9C432BA55C}.Debug|Any CPU.ActiveCfg = Debug|Any CPU
		{54656C27-642F-4243-AE6D-DB9C432BA55C}.Debug|Any CPU.Build.0 = Debug|Any CPU
		{54656C27-642F-4243-AE6D-DB9C432BA55C}.Release|Any CPU.ActiveCfg = Release|Any CPU
		{54656C27-642F-4243-AE6D-DB9C432BA55C}.Release|Any CPU.Build.0 = Release|Any CPU
	EndGlobalSection
	GlobalSection(SolutionProperties) = preSolution
		HideSolutionNode = FALSE
	EndGlobalSection
	GlobalSection(ExtensibilityGlobals) = postSolution
		SolutionGuid = {99BE5B4C-614F-4686-86F1-025030C40A25}
	EndGlobalSection
EndGlobal
